
Microsoft Visual Studio Solution File, Format Version 12.00
# Visual Studio Version 16
VisualStudioVersion = 16.0.810.6
MinimumVisualStudioVersion = 10.0.40219.1
Project("{FAE04EC0-301F-11D3-BF4B-00C04F79EFBC}") = "RockPaperScissorsGame", "RockPaperScissorsGame\RockPaperScissorsGame.csproj", "{CF1A4F70-F85A-4DE4-9F2C-6604362E5FE6}"
EndProject
Global
	GlobalSection(SolutionConfigurationPlatforms) = preSolution
		Debug|anycpu = Debug|anycpu
		Release|anycpu = Release|anycpu
	EndGlobalSection
	GlobalSection(ProjectConfigurationPlatforms) = postSolution
		{CF1A4F70-F85A-4DE4-9F2C-6604362E5FE6}.Debug|anycpu.ActiveCfg = Debug|anycpu
		{CF1A4F70-F85A-4DE4-9F2C-6604362E5FE6}.Debug|anycpu.Build.0 = Debug|anycpu
		{CF1A4F70-F85A-4DE4-9F2C-6604362E5FE6}.Release|anycpu.ActiveCfg = Release|anycpu
		{CF1A4F70-F85A-4DE4-9F2C-6604362E5FE6}.Release|anycpu.Build.0 = Release|anycpu
	EndGlobalSection
	GlobalSection(SolutionProperties) = preSolution
		HideSolutionNode = FALSE
	EndGlobalSection
	GlobalSection(ExtensibilityGlobals) = postSolution
		SolutionGuid = {D2537869-AC14-45E0-81FC-875B72705F20}
	EndGlobalSection
EndGlobal
